// !$*UTF8*$!
{
	archiveVersion = 1;
	classes = {
	};
	objectVersion = 46;
	objects = {

/* Begin PBXBuildFile section */
		B64AA7DA1A9A232C006892BA /* AppDelegate.swift in Sources */ = {isa = PBXBuildFile; fileRef = B64AA7D91A9A232C006892BA /* AppDelegate.swift */; };
		B64AA7DC1A9A232C006892BA /* ViewController.swift in Sources */ = {isa = PBXBuildFile; fileRef = B64AA7DB1A9A232C006892BA /* ViewController.swift */; };
		B64AA7DF1A9A232C006892BA /* Main.storyboard in Resources */ = {isa = PBXBuildFile; fileRef = B64AA7DD1A9A232C006892BA /* Main.storyboard */; };
		B64AA7E11A9A232C006892BA /* Images.xcassets in Resources */ = {isa = PBXBuildFile; fileRef = B64AA7E01A9A232C006892BA /* Images.xcassets */; };
		B64AA7E41A9A232C006892BA /* LaunchScreen.xib in Resources */ = {isa = PBXBuildFile; fileRef = B64AA7E21A9A232C006892BA /* LaunchScreen.xib */; };
		B64AA7F01A9A232C006892BA /* CalculatorTests.swift in Sources */ = {isa = PBXBuildFile; fileRef = B64AA7EF1A9A232C006892BA /* CalculatorTests.swift */; };
		B6B395741AA389750059EAE1 /* buttonBackground.png in Resources */ = {isa = PBXBuildFile; fileRef = B6B395731AA389750059EAE1 /* buttonBackground.png */; };
		B6B395761AA38EFF0059EAE1 /* button.png in Resources */ = {isa = PBXBuildFile; fileRef = B6B395751AA38EFF0059EAE1 /* button.png */; };
/* End PBXBuildFile section */

/* Begin PBXContainerItemProxy section */
		B64AA7EA1A9A232C006892BA /* PBXContainerItemProxy */ = {
			isa = PBXContainerItemProxy;
			containerPortal = B64AA7CC1A9A232C006892BA /* Project object */;
			proxyType = 1;
			remoteGlobalIDString = B64AA7D31A9A232C006892BA;
			remoteInfo = Calculator;
		};
/* End PBXContainerItemProxy section */

/* Begin PBXFileReference section */
		B64AA7D41A9A232C006892BA /* Calculator.app */ = {isa = PBXFileReference; explicitFileType = wrapper.application; includeInIndex = 0; path = Calculator.app; sourceTree = BUILT_PRODUCTS_DIR; };
		B64AA7D81A9A232C006892BA /* Info.plist */ = {isa = PBXFileReference; lastKnownFileType = text.plist.xml; path = Info.plist; sourceTree = "<group>"; };
		B64AA7D91A9A232C006892BA /* AppDelegate.swift */ = {isa = PBXFileReference; lastKnownFileType = sourcecode.swift; path = AppDelegate.swift; sourceTree = "<group>"; };
		B64AA7DB1A9A232C006892BA /* ViewController.swift */ = {isa = PBXFileReference; lastKnownFileType = sourcecode.swift; path = ViewController.swift; sourceTree = "<group>"; };
		B64AA7DE1A9A232C006892BA /* Base */ = {isa = PBXFileReference; lastKnownFileType = file.storyboard; name = Base; path = Base.lproj/Main.storyboard; sourceTree = "<group>"; };
		B64AA7E01A9A232C006892BA /* Images.xcassets */ = {isa = PBXFileReference; lastKnownFileType = folder.assetcatalog; path = Images.xcassets; sourceTree = "<group>"; };
		B64AA7E31A9A232C006892BA /* Base */ = {isa = PBXFileReference; lastKnownFileType = file.xib; name = Base; path = Base.lproj/LaunchScreen.xib; sourceTree = "<group>"; };
		B64AA7E91A9A232C006892BA /* CalculatorTests.xctest */ = {isa = PBXFileReference; explicitFileType = wrapper.cfbundle; includeInIndex = 0; path = CalculatorTests.xctest; sourceTree = BUILT_PRODUCTS_DIR; };
		B64AA7EE1A9A232C006892BA /* Info.plist */ = {isa = PBXFileReference; lastKnownFileType = text.plist.xml; path = Info.plist; sourceTree = "<group>"; };
		B64AA7EF1A9A232C006892BA /* CalculatorTests.swift */ = {isa = PBXFileReference; lastKnownFileType = sourcecode.swift; path = CalculatorTests.swift; sourceTree = "<group>"; };
		B6B395731AA389750059EAE1 /* buttonBackground.png */ = {isa = PBXFileReference; lastKnownFileType = image.png; name = buttonBackground.png; path = ../Icons/buttonBackground.png; sourceTree = "<group>"; };
		B6B395751AA38EFF0059EAE1 /* button.png */ = {isa = PBXFileReference; lastKnownFileType = image.png; path = button.png; sourceTree = "<group>"; };
/* End PBXFileReference section */

/* Begin PBXFrameworksBuildPhase section */
		B64AA7D11A9A232C006892BA /* Frameworks */ = {
			isa = PBXFrameworksBuildPhase;
			buildActionMask = 2147483647;
			files = (
			);
			runOnlyForDeploymentPostprocessing = 0;
		};
		B64AA7E61A9A232C006892BA /* Frameworks */ = {
			isa = PBXFrameworksBuildPhase;
			buildActionMask = 2147483647;
			files = (
			);
			runOnlyForDeploymentPostprocessing = 0;
		};
/* End PBXFrameworksBuildPhase section */

/* Begin PBXGroup section */
		B64AA7CB1A9A232C006892BA = {
			isa = PBXGroup;
			children = (
				B64AA7D61A9A232C006892BA /* Calculator */,
				B64AA7EC1A9A232C006892BA /* CalculatorTests */,
				B64AA7D51A9A232C006892BA /* Products */,
			);
			sourceTree = "<group>";
		};
		B64AA7D51A9A232C006892BA /* Products */ = {
			isa = PBXGroup;
			children = (
				B64AA7D41A9A232C006892BA /* Calculator.app */,
				B64AA7E91A9A232C006892BA /* CalculatorTests.xctest */,
			);
			name = Products;
			sourceTree = "<group>";
		};
		B64AA7D61A9A232C006892BA /* Calculator */ = {
			isa = PBXGroup;
			children = (
				B6B395731AA389750059EAE1 /* buttonBackground.png */,
				B6B395751AA38EFF0059EAE1 /* button.png */,
				B64AA7D91A9A232C006892BA /* AppDelegate.swift */,
				B64AA7DB1A9A232C006892BA /* ViewController.swift */,
				B64AA7DD1A9A232C006892BA /* Main.storyboard */,
				B64AA7E01A9A232C006892BA /* Images.xcassets */,
				B64AA7E21A9A232C006892BA /* LaunchScreen.xib */,
				B64AA7D71A9A232C006892BA /* Supporting Files */,
			);
			path = Calculator;
			sourceTree = "<group>";
		};
		B64AA7D71A9A232C006892BA /* Supporting Files */ = {
			isa = PBXGroup;
			children = (
				B64AA7D81A9A232C006892BA /* Info.plist */,
			);
			name = "Supporting Files";
			sourceTree = "<group>";
		};
		B64AA7EC1A9A232C006892BA /* CalculatorTests */ = {
			isa = PBXGroup;
			children = (
				B64AA7EF1A9A232C006892BA /* CalculatorTests.swift */,
				B64AA7ED1A9A232C006892BA /* Supporting Files */,
			);
			path = CalculatorTests;
			sourceTree = "<group>";
		};
		B64AA7ED1A9A232C006892BA /* Supporting Files */ = {
			isa = PBXGroup;
			children = (
				B64AA7EE1A9A232C006892BA /* Info.plist */,
			);
			name = "Supporting Files";
			sourceTree = "<group>";
		};
/* End PBXGroup section */

/* Begin PBXNativeTarget section */
		B64AA7D31A9A232C006892BA /* Calculator */ = {
			isa = PBXNativeTarget;
			buildConfigurationList = B64AA7F31A9A232C006892BA /* Build configuration list for PBXNativeTarget "Calculator" */;
			buildPhases = (
				B64AA7D01A9A232C006892BA /* Sources */,
				B64AA7D11A9A232C006892BA /* Frameworks */,
				B64AA7D21A9A232C006892BA /* Resources */,
			);
			buildRules = (
			);
			dependencies = (
			);
			name = Calculator;
			productName = Calculator;
			productReference = B64AA7D41A9A232C006892BA /* Calculator.app */;
			productType = "com.apple.product-type.application";
		};
		B64AA7E81A9A232C006892BA /* CalculatorTests */ = {
			isa = PBXNativeTarget;
			buildConfigurationList = B64AA7F61A9A232C006892BA /* Build configuration list for PBXNativeTarget "CalculatorTests" */;
			buildPhases = (
				B64AA7E51A9A232C006892BA /* Sources */,
				B64AA7E61A9A232C006892BA /* Frameworks */,
				B64AA7E71A9A232C006892BA /* Resources */,
			);
			buildRules = (
			);
			dependencies = (
				B64AA7EB1A9A232C006892BA /* PBXTargetDependency */,
			);
			name = CalculatorTests;
			productName = CalculatorTests;
			productReference = B64AA7E91A9A232C006892BA /* CalculatorTests.xctest */;
			productType = "com.apple.product-type.bundle.unit-test";
		};
/* End PBXNativeTarget section */

/* Begin PBXProject section */
		B64AA7CC1A9A232C006892BA /* Project object */ = {
			isa = PBXProject;
			attributes = {
				LastUpgradeCheck = 0610;
				ORGANIZATIONNAME = "The Hofmeister Kink";
				TargetAttributes = {
					B64AA7D31A9A232C006892BA = {
						CreatedOnToolsVersion = 6.1.1;
					};
					B64AA7E81A9A232C006892BA = {
						CreatedOnToolsVersion = 6.1.1;
						TestTargetID = B64AA7D31A9A232C006892BA;
					};
				};
			};
			buildConfigurationList = B64AA7CF1A9A232C006892BA /* Build configuration list for PBXProject "Calculator" */;
			compatibilityVersion = "Xcode 3.2";
			developmentRegion = English;
			hasScannedForEncodings = 0;
			knownRegions = (
				en,
				Base,
			);
			mainGroup = B64AA7CB1A9A232C006892BA;
			productRefGroup = B64AA7D51A9A232C006892BA /* Products */;
			projectDirPath = "";
			projectRoot = "";
			targets = (
				B64AA7D31A9A232C006892BA /* Calculator */,
				B64AA7E81A9A232C006892BA /* CalculatorTests */,
			);
		};
/* End PBXProject section */

/* Begin PBXResourcesBuildPhase section */
		B64AA7D21A9A232C006892BA /* Resources */ = {
			isa = PBXResourcesBuildPhase;
			buildActionMask = 2147483647;
			files = (
				B64AA7DF1A9A232C006892BA /* Main.storyboard in Resources */,
				B6B395761AA38EFF0059EAE1 /* button.png in Resources */,
				B64AA7E41A9A232C006892BA /* LaunchScreen.xib in Resources */,
				B64AA7E11A9A232C006892BA /* Images.xcassets in Resources */,
				B6B395741AA389750059EAE1 /* buttonBackground.png in Resources */,
			);
			runOnlyForDeploymentPostprocessing = 0;
		};
		B64AA7E71A9A232C006892BA /* Resources */ = {
			isa = PBXResourcesBuildPhase;
			buildActionMask = 2147483647;
			files = (
			);
			runOnlyForDeploymentPostprocessing = 0;
		};
/* End PBXResourcesBuildPhase section */

/* Begin PBXSourcesBuildPhase section */
		B64AA7D01A9A232C006892BA /* Sources */ = {
			isa = PBXSourcesBuildPhase;
			buildActionMask = 2147483647;
			files = (
				B64AA7DC1A9A232C006892BA /* ViewController.swift in Sources */,
				B64AA7DA1A9A232C006892BA /* AppDelegate.swift in Sources */,
			);
			runOnlyForDeploymentPostprocessing = 0;
		};
		B64AA7E51A9A232C006892BA /* Sources */ = {
			isa = PBXSourcesBuildPhase;
			buildActionMask = 2147483647;
			files = (
				B64AA7F01A9A232C006892BA /* CalculatorTests.swift in Sources */,
			);
			runOnlyForDeploymentPostprocessing = 0;
		};
/* End PBXSourcesBuildPhase section */

/* Begin PBXTargetDependency section */
		B64AA7EB1A9A232C006892BA /* PBXTargetDependency */ = {
			isa = PBXTargetDependency;
			target = B64AA7D31A9A232C006892BA /* Calculator */;
			targetProxy = B64AA7EA1A9A232C006892BA /* PBXContainerItemProxy */;
		};
/* End PBXTargetDependency section */

/* Begin PBXVariantGroup section */
		B64AA7DD1A9A232C006892BA /* Main.storyboard */ = {
			isa = PBXVariantGroup;
			children = (
				B64AA7DE1A9A232C006892BA /* Base */,
			);
			name = Main.storyboard;
			sourceTree = "<group>";
		};
		B64AA7E21A9A232C006892BA /* LaunchScreen.xib */ = {
			isa = PBXVariantGroup;
			children = (
				B64AA7E31A9A232C006892BA /* Base */,
			);
			name = LaunchScreen.xib;
			sourceTree = "<group>";
		};
/* End PBXVariantGroup section */

/* Begin XCBuildConfiguration section */
		B64AA7F11A9A232C006892BA /* Debug */ = {
			isa = XCBuildConfiguration;
			buildSettings = {
				ALWAYS_SEARCH_USER_PATHS = NO;
				CLANG_CXX_LANGUAGE_STANDARD = "gnu++0x";
				CLANG_CXX_LIBRARY = "libc++";
				CLANG_ENABLE_MODULES = YES;
				CLANG_ENABLE_OBJC_ARC = YES;
				CLANG_WARN_BOOL_CONVERSION = YES;
				CLANG_WARN_CONSTANT_CONVERSION = YES;
				CLANG_WARN_DIRECT_OBJC_ISA_USAGE = YES_ERROR;
				CLANG_WARN_EMPTY_BODY = YES;
				CLANG_WARN_ENUM_CONVERSION = YES;
				CLANG_WARN_INT_CONVERSION = YES;
				CLANG_WARN_OBJC_ROOT_CLASS = YES_ERROR;
				CLANG_WARN_UNREACHABLE_CODE = YES;
				CLANG_WARN__DUPLICATE_METHOD_MATCH = YES;
				"CODE_SIGN_IDENTITY[sdk=iphoneos*]" = "iPhone Developer";
				COPY_PHASE_STRIP = NO;
				ENABLE_STRICT_OBJC_MSGSEND = YES;
				GCC_C_LANGUAGE_STANDARD = gnu99;
				GCC_DYNAMIC_NO_PIC = NO;
				GCC_OPTIMIZATION_LEVEL = 0;
				GCC_PREPROCESSOR_DEFINITIONS = (
					"DEBUG=1",
					"$(inherited)",
				);
				GCC_SYMBOLS_PRIVATE_EXTERN = NO;
				GCC_WARN_64_TO_32_BIT_CONVERSION = YES;
				GCC_WARN_ABOUT_RETURN_TYPE = YES_ERROR;
				GCC_WARN_UNDECLARED_SELECTOR = YES;
				GCC_WARN_UNINITIALIZED_AUTOS = YES_AGGRESSIVE;
				GCC_WARN_UNUSED_FUNCTION = YES;
				GCC_WARN_UNUSED_VARIABLE = YES;
				IPHONEOS_DEPLOYMENT_TARGET = 8.1;
				MTL_ENABLE_DEBUG_INFO = YES;
				ONLY_ACTIVE_ARCH = YES;
				SDKROOT = iphoneos;
				SWIFT_OPTIMIZATION_LEVEL = "-Onone";
			};
			name = Debug;
		};
		B64AA7F21A9A232C006892BA /* Release */ = {
			isa = XCBuildConfiguration;
			buildSettings = {
				ALWAYS_SEARCH_USER_PATHS = NO;
				CLANG_CXX_LANGUAGE_STANDARD = "gnu++0x";
				CLANG_CXX_LIBRARY = "libc++";
				CLANG_ENABLE_MODULES = YES;
				CLANG_ENABLE_OBJC_ARC = YES;
				CLANG_WARN_BOOL_CONVERSION = YES;
				CLANG_WARN_CONSTANT_CONVERSION = YES;
				CLANG_WARN_DIRECT_OBJC_ISA_USAGE = YES_ERROR;
				CLANG_WARN_EMPTY_BODY = YES;
				CLANG_WARN_ENUM_CONVERSION = YES;
				CLANG_WARN_INT_CONVERSION = YES;
				CLANG_WARN_OBJC_ROOT_CLASS = YES_ERROR;
				CLANG_WARN_UNREACHABLE_CODE = YES;
				CLANG_WARN__DUPLICATE_METHOD_MATCH = YES;
				"CODE_SIGN_IDENTITY[sdk=iphoneos*]" = "iPhone Developer";
				COPY_PHASE_STRIP = YES;
				ENABLE_NS_ASSERTIONS = NO;
				ENABLE_STRICT_OBJC_MSGSEND = YES;
				GCC_C_LANGUAGE_STANDARD = gnu99;
				GCC_WARN_64_TO_32_BIT_CONVERSION = YES;
				GCC_WARN_ABOUT_RETURN_TYPE = YES_ERROR;
				GCC_WARN_UNDECLARED_SELECTOR = YES;
				GCC_WARN_UNINITIALIZED_AUTOS = YES_AGGRESSIVE;
				GCC_WARN_UNUSED_FUNCTION = YES;
				GCC_WARN_UNUSED_VARIABLE = YES;
				IPHONEOS_DEPLOYMENT_TARGET = 8.1;
				MTL_ENABLE_DEBUG_INFO = NO;
				SDKROOT = iphoneos;
				VALIDATE_PRODUCT = YES;
			};
			name = Release;
		};
		B64AA7F41A9A232C006892BA /* Debug */ = {
			isa = XCBuildConfiguration;
			buildSettings = {
				ASSETCATALOG_COMPILER_APPICON_NAME = AppIcon;
				INFOPLIST_FILE = Calculator/Info.plist;
				LD_RUNPATH_SEARCH_PATHS = "$(inherited) @executable_path/Frameworks";
				PRODUCT_NAME = "$(TARGET_NAME)";
			};
			name = Debug;
		};
		B64AA7F51A9A232C006892BA /* Release */ = {
			isa = XCBuildConfiguration;
			buildSettings = {
				ASSETCATALOG_COMPILER_APPICON_NAME = AppIcon;
				INFOPLIST_FILE = Calculator/Info.plist;
				LD_RUNPATH_SEARCH_PATHS = "$(inherited) @executable_path/Frameworks";
				PRODUCT_NAME = "$(TARGET_NAME)";
			};
			name = Release;
		};
		B64AA7F71A9A232C006892BA /* Debug */ = {
			isa = XCBuildConfiguration;
			buildSettings = {
				BUNDLE_LOADER = "$(TEST_HOST)";
				FRAMEWORK_SEARCH_PATHS = (
					"$(SDKROOT)/Developer/Library/Frameworks",
					"$(inherited)",
				);
				GCC_PREPROCESSOR_DEFINITIONS = (
					"DEBUG=1",
					"$(inherited)",
				);
				INFOPLIST_FILE = CalculatorTests/Info.plist;
				LD_RUNPATH_SEARCH_PATHS = "$(inherited) @executable_path/Frameworks @loader_path/Frameworks";
				PRODUCT_NAME = "$(TARGET_NAME)";
				TEST_HOST = "$(BUILT_PRODUCTS_DIR)/Calculator.app/Calculator";
			};
			name = Debug;
		};
		B64AA7F81A9A232C006892BA /* Release */ = {
			isa = XCBuildConfiguration;
			buildSettings = {
				BUNDLE_LOADER = "$(TEST_HOST)";
				FRAMEWORK_SEARCH_PATHS = (
					"$(SDKROOT)/Developer/Library/Frameworks",
					"$(inherited)",
				);
				INFOPLIST_FILE = CalculatorTests/Info.plist;
				LD_RUNPATH_SEARCH_PATHS = "$(inherited) @executable_path/Frameworks @loader_path/Frameworks";
				PRODUCT_NAME = "$(TARGET_NAME)";
				TEST_HOST = "$(BUILT_PRODUCTS_DIR)/Calculator.app/Calculator";
			};
			name = Release;
		};
/* End XCBuildConfiguration section */

/* Begin XCConfigurationList section */
		B64AA7CF1A9A232C006892BA /* Build configuration list for PBXProject "Calculator" */ = {
			isa = XCConfigurationList;
			buildConfigurations = (
				B64AA7F11A9A232C006892BA /* Debug */,
				B64AA7F21A9A232C006892BA /* Release */,
			);
			defaultConfigurationIsVisible = 0;
			defaultConfigurationName = Release;
		};
		B64AA7F31A9A232C006892BA /* Build configuration list for PBXNativeTarget "Calculator" */ = {
			isa = XCConfigurationList;
			buildConfigurations = (
				B64AA7F41A9A232C006892BA /* Debug */,
				B64AA7F51A9A232C006892BA /* Release */,
			);
			defaultConfigurationIsVisible = 0;
			defaultConfigurationName = Release;
		};
		B64AA7F61A9A232C006892BA /* Build configuration list for PBXNativeTarget "CalculatorTests" */ = {
			isa = XCConfigurationList;
			buildConfigurations = (
				B64AA7F71A9A232C006892BA /* Debug */,
				B64AA7F81A9A232C006892BA /* Release */,
			);
			defaultConfigurationIsVisible = 0;
			defaultConfigurationName = Release;
		};
/* End XCConfigurationList section */
	};
	rootObject = B64AA7CC1A9A232C006892BA /* Project object */;
}
